// !$*UTF8*$!
{
	archiveVersion = 1;
	classes = {
	};
	objectVersion = 55;
	objects = {

/* Begin PBXBuildFile section */
		004782AA28C01636005D65E4 /* DetailsViewController.swift in Sources */ = {isa = PBXBuildFile; fileRef = 004782A928C01636005D65E4 /* DetailsViewController.swift */; };
		0051398428C1751D00EF8ACC /* Kingfisher in Frameworks */ = {isa = PBXBuildFile; productRef = 0051398328C1751D00EF8ACC /* Kingfisher */; };
		0051398828C2535F00EF8ACC /* TitlePreviewViewModel.swift in Sources */ = {isa = PBXBuildFile; fileRef = 0051398728C2535F00EF8ACC /* TitlePreviewViewModel.swift */; };
		006EF32328BBF2E200A761EA /* AppDelegate.swift in Sources */ = {isa = PBXBuildFile; fileRef = 006EF32228BBF2E200A761EA /* AppDelegate.swift */; };
		006EF32528BBF2E200A761EA /* SceneDelegate.swift in Sources */ = {isa = PBXBuildFile; fileRef = 006EF32428BBF2E200A761EA /* SceneDelegate.swift */; };
		006EF32728BBF2E200A761EA /* ViewController.swift in Sources */ = {isa = PBXBuildFile; fileRef = 006EF32628BBF2E200A761EA /* ViewController.swift */; };
		006EF32A28BBF2E200A761EA /* Main.storyboard in Resources */ = {isa = PBXBuildFile; fileRef = 006EF32828BBF2E200A761EA /* Main.storyboard */; };
		006EF32C28BBF2E300A761EA /* Assets.xcassets in Resources */ = {isa = PBXBuildFile; fileRef = 006EF32B28BBF2E300A761EA /* Assets.xcassets */; };
		006EF32F28BBF2E300A761EA /* LaunchScreen.storyboard in Resources */ = {isa = PBXBuildFile; fileRef = 006EF32D28BBF2E300A761EA /* LaunchScreen.storyboard */; };
		0079B70128C50989007FDAEF /* ActtorCollectionViewCell.xib in Resources */ = {isa = PBXBuildFile; fileRef = 0079B70028C50989007FDAEF /* ActtorCollectionViewCell.xib */; };
		0079B70328C509A0007FDAEF /* ActtorCollectionViewCell.swift in Sources */ = {isa = PBXBuildFile; fileRef = 0079B70228C509A0007FDAEF /* ActtorCollectionViewCell.swift */; };
		008D3C9728BD449A006280EB /* FetchNetwork.swift in Sources */ = {isa = PBXBuildFile; fileRef = 008D3C9628BD449A006280EB /* FetchNetwork.swift */; };
		008D3C9928BD5227006280EB /* TvAndMoveModel.swift in Sources */ = {isa = PBXBuildFile; fileRef = 008D3C9828BD5227006280EB /* TvAndMoveModel.swift */; };
		326C556128BFF34400871262 /* CollectionTableViewCell.swift in Sources */ = {isa = PBXBuildFile; fileRef = 326C555F28BFF34400871262 /* CollectionTableViewCell.swift */; };
		326C556228BFF34400871262 /* CollectionTableViewCell.xib in Resources */ = {isa = PBXBuildFile; fileRef = 326C556028BFF34400871262 /* CollectionTableViewCell.xib */; };
		326C556728BFF3B100871262 /* MyCollectionViewCell.swift in Sources */ = {isa = PBXBuildFile; fileRef = 326C556528BFF3B100871262 /* MyCollectionViewCell.swift */; };
		326C556A28BFF4C900871262 /* MyCollectionViewCell.xib in Resources */ = {isa = PBXBuildFile; fileRef = 326C556928BFF4C900871262 /* MyCollectionViewCell.xib */; };
/* End PBXBuildFile section */

/* Begin PBXFileReference section */
		004782A928C01636005D65E4 /* DetailsViewController.swift */ = {isa = PBXFileReference; lastKnownFileType = sourcecode.swift; path = DetailsViewController.swift; sourceTree = "<group>"; };
		0051398728C2535F00EF8ACC /* TitlePreviewViewModel.swift */ = {isa = PBXFileReference; fileEncoding = 4; lastKnownFileType = sourcecode.swift; path = TitlePreviewViewModel.swift; sourceTree = "<group>"; };
		006EF31F28BBF2E200A761EA /* MovveApp.app */ = {isa = PBXFileReference; explicitFileType = wrapper.application; includeInIndex = 0; path = MovveApp.app; sourceTree = BUILT_PRODUCTS_DIR; };
		006EF32228BBF2E200A761EA /* AppDelegate.swift */ = {isa = PBXFileReference; lastKnownFileType = sourcecode.swift; path = AppDelegate.swift; sourceTree = "<group>"; };
		006EF32428BBF2E200A761EA /* SceneDelegate.swift */ = {isa = PBXFileReference; lastKnownFileType = sourcecode.swift; path = SceneDelegate.swift; sourceTree = "<group>"; };
		006EF32628BBF2E200A761EA /* ViewController.swift */ = {isa = PBXFileReference; lastKnownFileType = sourcecode.swift; path = ViewController.swift; sourceTree = "<group>"; };
		006EF32928BBF2E200A761EA /* Base */ = {isa = PBXFileReference; lastKnownFileType = file.storyboard; name = Base; path = Base.lproj/Main.storyboard; sourceTree = "<group>"; };
		006EF32B28BBF2E300A761EA /* Assets.xcassets */ = {isa = PBXFileReference; lastKnownFileType = folder.assetcatalog; path = Assets.xcassets; sourceTree = "<group>"; };
		006EF32E28BBF2E300A761EA /* Base */ = {isa = PBXFileReference; lastKnownFileType = file.storyboard; name = Base; path = Base.lproj/LaunchScreen.storyboard; sourceTree = "<group>"; };
		006EF33028BBF2E300A761EA /* Info.plist */ = {isa = PBXFileReference; lastKnownFileType = text.plist.xml; path = Info.plist; sourceTree = "<group>"; };
		0079B70028C50989007FDAEF /* ActtorCollectionViewCell.xib */ = {isa = PBXFileReference; fileEncoding = 4; lastKnownFileType = file.xib; path = ActtorCollectionViewCell.xib; sourceTree = "<group>"; };
		0079B70228C509A0007FDAEF /* ActtorCollectionViewCell.swift */ = {isa = PBXFileReference; fileEncoding = 4; lastKnownFileType = sourcecode.swift; path = ActtorCollectionViewCell.swift; sourceTree = "<group>"; };
		008D3C9628BD449A006280EB /* FetchNetwork.swift */ = {isa = PBXFileReference; lastKnownFileType = sourcecode.swift; path = FetchNetwork.swift; sourceTree = "<group>"; };
		008D3C9828BD5227006280EB /* TvAndMoveModel.swift */ = {isa = PBXFileReference; lastKnownFileType = sourcecode.swift; path = TvAndMoveModel.swift; sourceTree = "<group>"; };
		326C555F28BFF34400871262 /* CollectionTableViewCell.swift */ = {isa = PBXFileReference; lastKnownFileType = sourcecode.swift; path = CollectionTableViewCell.swift; sourceTree = "<group>"; };
		326C556028BFF34400871262 /* CollectionTableViewCell.xib */ = {isa = PBXFileReference; lastKnownFileType = file.xib; path = CollectionTableViewCell.xib; sourceTree = "<group>"; };
		326C556528BFF3B100871262 /* MyCollectionViewCell.swift */ = {isa = PBXFileReference; lastKnownFileType = sourcecode.swift; path = MyCollectionViewCell.swift; sourceTree = "<group>"; };
		326C556928BFF4C900871262 /* MyCollectionViewCell.xib */ = {isa = PBXFileReference; fileEncoding = 4; lastKnownFileType = file.xib; path = MyCollectionViewCell.xib; sourceTree = "<group>"; };
/* End PBXFileReference section */

/* Begin PBXFrameworksBuildPhase section */
		006EF31C28BBF2E200A761EA /* Frameworks */ = {
			isa = PBXFrameworksBuildPhase;
			buildActionMask = 2147483647;
			files = (
				0051398428C1751D00EF8ACC /* Kingfisher in Frameworks */,
			);
			runOnlyForDeploymentPostprocessing = 0;
		};
/* End PBXFrameworksBuildPhase section */

/* Begin PBXGroup section */
		005EA54328BC169800A07830 /* App */ = {
			isa = PBXGroup;
			children = (
				006EF32228BBF2E200A761EA /* AppDelegate.swift */,
				006EF32428BBF2E200A761EA /* SceneDelegate.swift */,
				006EF33028BBF2E300A761EA /* Info.plist */,
			);
			path = App;
			sourceTree = "<group>";
		};
		005EA54428BC169C00A07830 /* Controller */ = {
			isa = PBXGroup;
			children = (
				326C555E28BFF2FD00871262 /* Cells */,
				006EF32628BBF2E200A761EA /* ViewController.swift */,
				004782A928C01636005D65E4 /* DetailsViewController.swift */,
			);
			path = Controller;
			sourceTree = "<group>";
		};
		005EA54528BC16A200A07830 /* View */ = {
			isa = PBXGroup;
			children = (
				006EF32828BBF2E200A761EA /* Main.storyboard */,
				006EF32D28BBF2E300A761EA /* LaunchScreen.storyboard */,
			);
			path = View;
			sourceTree = "<group>";
		};
		005EA54628BC16A500A07830 /* Resources */ = {
			isa = PBXGroup;
			children = (
				006EF32B28BBF2E300A761EA /* Assets.xcassets */,
			);
			path = Resources;
			sourceTree = "<group>";
		};
		005EA54728BC16DC00A07830 /* Model */ = {
			isa = PBXGroup;
			children = (
				0051398728C2535F00EF8ACC /* TitlePreviewViewModel.swift */,
				008D3C9828BD5227006280EB /* TvAndMoveModel.swift */,
			);
			path = Model;
			sourceTree = "<group>";
		};
		005EA54828BC16E600A07830 /* Services */ = {
			isa = PBXGroup;
			children = (
				008D3C9628BD449A006280EB /* FetchNetwork.swift */,
			);
			name = Services;
			sourceTree = "<group>";
		};
		006EF31628BBF2E200A761EA = {
			isa = PBXGroup;
			children = (
				006EF32128BBF2E200A761EA /* MovveApp */,
				006EF32028BBF2E200A761EA /* Products */,
			);
			sourceTree = "<group>";
		};
		006EF32028BBF2E200A761EA /* Products */ = {
			isa = PBXGroup;
			children = (
				006EF31F28BBF2E200A761EA /* MovveApp.app */,
			);
			name = Products;
			sourceTree = "<group>";
		};
		006EF32128BBF2E200A761EA /* MovveApp */ = {
			isa = PBXGroup;
			children = (
				005EA54328BC169800A07830 /* App */,
				005EA54828BC16E600A07830 /* Services */,
				005EA54728BC16DC00A07830 /* Model */,
				005EA54428BC169C00A07830 /* Controller */,
				005EA54528BC16A200A07830 /* View */,
				005EA54628BC16A500A07830 /* Resources */,
			);
			path = MovveApp;
			sourceTree = "<group>";
		};
		326C555E28BFF2FD00871262 /* Cells */ = {
			isa = PBXGroup;
			children = (
				0079B70028C50989007FDAEF /* ActtorCollectionViewCell.xib */,
				0079B70228C509A0007FDAEF /* ActtorCollectionViewCell.swift */,
				326C556428BFF35C00871262 /* CollectionCell */,
				326C556328BFF34900871262 /* TableCell */,
			);
			path = Cells;
			sourceTree = "<group>";
		};
		326C556328BFF34900871262 /* TableCell */ = {
			isa = PBXGroup;
			children = (
				326C555F28BFF34400871262 /* CollectionTableViewCell.swift */,
				326C556028BFF34400871262 /* CollectionTableViewCell.xib */,
			);
			path = TableCell;
			sourceTree = "<group>";
		};
		326C556428BFF35C00871262 /* CollectionCell */ = {
			isa = PBXGroup;
			children = (
				326C556528BFF3B100871262 /* MyCollectionViewCell.swift */,
				326C556928BFF4C900871262 /* MyCollectionViewCell.xib */,
			);
			path = CollectionCell;
			sourceTree = "<group>";
		};
/* End PBXGroup section */

/* Begin PBXNativeTarget section */
		006EF31E28BBF2E200A761EA /* MovveApp */ = {
			isa = PBXNativeTarget;
			buildConfigurationList = 006EF33328BBF2E300A761EA /* Build configuration list for PBXNativeTarget "MovveApp" */;
			buildPhases = (
				006EF31B28BBF2E200A761EA /* Sources */,
				006EF31C28BBF2E200A761EA /* Frameworks */,
				006EF31D28BBF2E200A761EA /* Resources */,
			);
			buildRules = (
			);
			dependencies = (
			);
			name = MovveApp;
			packageProductDependencies = (
				0051398328C1751D00EF8ACC /* Kingfisher */,
			);
			productName = MovveApp;
			productReference = 006EF31F28BBF2E200A761EA /* MovveApp.app */;
			productType = "com.apple.product-type.application";
		};
/* End PBXNativeTarget section */

/* Begin PBXProject section */
		006EF31728BBF2E200A761EA /* Project object */ = {
			isa = PBXProject;
			attributes = {
				BuildIndependentTargetsInParallel = 1;
				LastSwiftUpdateCheck = 1340;
				LastUpgradeCheck = 1340;
				TargetAttributes = {
					006EF31E28BBF2E200A761EA = {
						CreatedOnToolsVersion = 13.4.1;
					};
				};
			};
			buildConfigurationList = 006EF31A28BBF2E200A761EA /* Build configuration list for PBXProject "MovveApp" */;
			compatibilityVersion = "Xcode 13.0";
			developmentRegion = en;
			hasScannedForEncodings = 0;
			knownRegions = (
				en,
				Base,
			);
			mainGroup = 006EF31628BBF2E200A761EA;
			packageReferences = (
				0051398228C1751D00EF8ACC /* XCRemoteSwiftPackageReference "Kingfisher" */,
			);
			productRefGroup = 006EF32028BBF2E200A761EA /* Products */;
			projectDirPath = "";
			projectRoot = "";
			targets = (
				006EF31E28BBF2E200A761EA /* MovveApp */,
			);
		};
/* End PBXProject section */

/* Begin PBXResourcesBuildPhase section */
		006EF31D28BBF2E200A761EA /* Resources */ = {
			isa = PBXResourcesBuildPhase;
			buildActionMask = 2147483647;
			files = (
				326C556A28BFF4C900871262 /* MyCollectionViewCell.xib in Resources */,
				0079B70128C50989007FDAEF /* ActtorCollectionViewCell.xib in Resources */,
				006EF32F28BBF2E300A761EA /* LaunchScreen.storyboard in Resources */,
				006EF32C28BBF2E300A761EA /* Assets.xcassets in Resources */,
				006EF32A28BBF2E200A761EA /* Main.storyboard in Resources */,
				326C556228BFF34400871262 /* CollectionTableViewCell.xib in Resources */,
			);
			runOnlyForDeploymentPostprocessing = 0;
		};
/* End PBXResourcesBuildPhase section */

/* Begin PBXSourcesBuildPhase section */
		006EF31B28BBF2E200A761EA /* Sources */ = {
			isa = PBXSourcesBuildPhase;
			buildActionMask = 2147483647;
			files = (
				008D3C9728BD449A006280EB /* FetchNetwork.swift in Sources */,
				004782AA28C01636005D65E4 /* DetailsViewController.swift in Sources */,
				326C556728BFF3B100871262 /* MyCollectionViewCell.swift in Sources */,
				006EF32728BBF2E200A761EA /* ViewController.swift in Sources */,
				326C556128BFF34400871262 /* CollectionTableViewCell.swift in Sources */,
				0079B70328C509A0007FDAEF /* ActtorCollectionViewCell.swift in Sources */,
				008D3C9928BD5227006280EB /* TvAndMoveModel.swift in Sources */,
				006EF32328BBF2E200A761EA /* AppDelegate.swift in Sources */,
				0051398828C2535F00EF8ACC /* TitlePreviewViewModel.swift in Sources */,
				006EF32528BBF2E200A761EA /* SceneDelegate.swift in Sources */,
			);
			runOnlyForDeploymentPostprocessing = 0;
		};
/* End PBXSourcesBuildPhase section */

/* Begin PBXVariantGroup section */
		006EF32828BBF2E200A761EA /* Main.storyboard */ = {
			isa = PBXVariantGroup;
			children = (
				006EF32928BBF2E200A761EA /* Base */,
			);
			name = Main.storyboard;
			sourceTree = "<group>";
		};
		006EF32D28BBF2E300A761EA /* LaunchScreen.storyboard */ = {
			isa = PBXVariantGroup;
			children = (
				006EF32E28BBF2E300A761EA /* Base */,
			);
			name = LaunchScreen.storyboard;
			sourceTree = "<group>";
		};
/* End PBXVariantGroup section */

/* Begin XCBuildConfiguration section */
		006EF33128BBF2E300A761EA /* Debug */ = {
			isa = XCBuildConfiguration;
			buildSettings = {
				ALWAYS_SEARCH_USER_PATHS = NO;
				CLANG_ANALYZER_NONNULL = YES;
				CLANG_ANALYZER_NUMBER_OBJECT_CONVERSION = YES_AGGRESSIVE;
				CLANG_CXX_LANGUAGE_STANDARD = "gnu++17";
				CLANG_ENABLE_MODULES = YES;
				CLANG_ENABLE_OBJC_ARC = YES;
				CLANG_ENABLE_OBJC_WEAK = YES;
				CLANG_WARN_BLOCK_CAPTURE_AUTORELEASING = YES;
				CLANG_WARN_BOOL_CONVERSION = YES;
				CLANG_WARN_COMMA = YES;
				CLANG_WARN_CONSTANT_CONVERSION = YES;
				CLANG_WARN_DEPRECATED_OBJC_IMPLEMENTATIONS = YES;
				CLANG_WARN_DIRECT_OBJC_ISA_USAGE = YES_ERROR;
				CLANG_WARN_DOCUMENTATION_COMMENTS = YES;
				CLANG_WARN_EMPTY_BODY = YES;
				CLANG_WARN_ENUM_CONVERSION = YES;
				CLANG_WARN_INFINITE_RECURSION = YES;
				CLANG_WARN_INT_CONVERSION = YES;
				CLANG_WARN_NON_LITERAL_NULL_CONVERSION = YES;
				CLANG_WARN_OBJC_IMPLICIT_RETAIN_SELF = YES;
				CLANG_WARN_OBJC_LITERAL_CONVERSION = YES;
				CLANG_WARN_OBJC_ROOT_CLASS = YES_ERROR;
				CLANG_WARN_QUOTED_INCLUDE_IN_FRAMEWORK_HEADER = YES;
				CLANG_WARN_RANGE_LOOP_ANALYSIS = YES;
				CLANG_WARN_STRICT_PROTOTYPES = YES;
				CLANG_WARN_SUSPICIOUS_MOVE = YES;
				CLANG_WARN_UNGUARDED_AVAILABILITY = YES_AGGRESSIVE;
				CLANG_WARN_UNREACHABLE_CODE = YES;
				CLANG_WARN__DUPLICATE_METHOD_MATCH = YES;
				COPY_PHASE_STRIP = NO;
				DEBUG_INFORMATION_FORMAT = dwarf;
				ENABLE_STRICT_OBJC_MSGSEND = YES;
				ENABLE_TESTABILITY = YES;
				GCC_C_LANGUAGE_STANDARD = gnu11;
				GCC_DYNAMIC_NO_PIC = NO;
				GCC_NO_COMMON_BLOCKS = YES;
				GCC_OPTIMIZATION_LEVEL = 0;
				GCC_PREPROCESSOR_DEFINITIONS = (
					"DEBUG=1",
					"$(inherited)",
				);
				GCC_WARN_64_TO_32_BIT_CONVERSION = YES;
				GCC_WARN_ABOUT_RETURN_TYPE = YES_ERROR;
				GCC_WARN_UNDECLARED_SELECTOR = YES;
				GCC_WARN_UNINITIALIZED_AUTOS = YES_AGGRESSIVE;
				GCC_WARN_UNUSED_FUNCTION = YES;
				GCC_WARN_UNUSED_VARIABLE = YES;
				IPHONEOS_DEPLOYMENT_TARGET = 15.5;
				MTL_ENABLE_DEBUG_INFO = INCLUDE_SOURCE;
				MTL_FAST_MATH = YES;
				ONLY_ACTIVE_ARCH = YES;
				SDKROOT = iphoneos;
				SWIFT_ACTIVE_COMPILATION_CONDITIONS = DEBUG;
				SWIFT_OPTIMIZATION_LEVEL = "-Onone";
			};
			name = Debug;
		};
		006EF33228BBF2E300A761EA /* Release */ = {
			isa = XCBuildConfiguration;
			buildSettings = {
				ALWAYS_SEARCH_USER_PATHS = NO;
				CLANG_ANALYZER_NONNULL = YES;
				CLANG_ANALYZER_NUMBER_OBJECT_CONVERSION = YES_AGGRESSIVE;
				CLANG_CXX_LANGUAGE_STANDARD = "gnu++17";
				CLANG_ENABLE_MODULES = YES;
				CLANG_ENABLE_OBJC_ARC = YES;
				CLANG_ENABLE_OBJC_WEAK = YES;
				CLANG_WARN_BLOCK_CAPTURE_AUTORELEASING = YES;
				CLANG_WARN_BOOL_CONVERSION = YES;
				CLANG_WARN_COMMA = YES;
				CLANG_WARN_CONSTANT_CONVERSION = YES;
				CLANG_WARN_DEPRECATED_OBJC_IMPLEMENTATIONS = YES;
				CLANG_WARN_DIRECT_OBJC_ISA_USAGE = YES_ERROR;
				CLANG_WARN_DOCUMENTATION_COMMENTS = YES;
				CLANG_WARN_EMPTY_BODY = YES;
				CLANG_WARN_ENUM_CONVERSION = YES;
				CLANG_WARN_INFINITE_RECURSION = YES;
				CLANG_WARN_INT_CONVERSION = YES;
				CLANG_WARN_NON_LITERAL_NULL_CONVERSION = YES;
				CLANG_WARN_OBJC_IMPLICIT_RETAIN_SELF = YES;
				CLANG_WARN_OBJC_LITERAL_CONVERSION = YES;
				CLANG_WARN_OBJC_ROOT_CLASS = YES_ERROR;
				CLANG_WARN_QUOTED_INCLUDE_IN_FRAMEWORK_HEADER = YES;
				CLANG_WARN_RANGE_LOOP_ANALYSIS = YES;
				CLANG_WARN_STRICT_PROTOTYPES = YES;
				CLANG_WARN_SUSPICIOUS_MOVE = YES;
				CLANG_WARN_UNGUARDED_AVAILABILITY = YES_AGGRESSIVE;
				CLANG_WARN_UNREACHABLE_CODE = YES;
				CLANG_WARN__DUPLICATE_METHOD_MATCH = YES;
				COPY_PHASE_STRIP = NO;
				DEBUG_INFORMATION_FORMAT = "dwarf-with-dsym";
				ENABLE_NS_ASSERTIONS = NO;
				ENABLE_STRICT_OBJC_MSGSEND = YES;
				GCC_C_LANGUAGE_STANDARD = gnu11;
				GCC_NO_COMMON_BLOCKS = YES;
				GCC_WARN_64_TO_32_BIT_CONVERSION = YES;
				GCC_WARN_ABOUT_RETURN_TYPE = YES_ERROR;
				GCC_WARN_UNDECLARED_SELECTOR = YES;
				GCC_WARN_UNINITIALIZED_AUTOS = YES_AGGRESSIVE;
				GCC_WARN_UNUSED_FUNCTION = YES;
				GCC_WARN_UNUSED_VARIABLE = YES;
				IPHONEOS_DEPLOYMENT_TARGET = 15.5;
				MTL_ENABLE_DEBUG_INFO = NO;
				MTL_FAST_MATH = YES;
				SDKROOT = iphoneos;
				SWIFT_COMPILATION_MODE = wholemodule;
				SWIFT_OPTIMIZATION_LEVEL = "-O";
				VALIDATE_PRODUCT = YES;
			};
			name = Release;
		};
		006EF33428BBF2E300A761EA /* Debug */ = {
			isa = XCBuildConfiguration;
			buildSettings = {
				ASSETCATALOG_COMPILER_APPICON_NAME = AppIcon;
				ASSETCATALOG_COMPILER_GLOBAL_ACCENT_COLOR_NAME = AccentColor;
				CODE_SIGN_STYLE = Automatic;
				CURRENT_PROJECT_VERSION = 1;
				DEVELOPMENT_TEAM = W9FSXFWG34;
				GENERATE_INFOPLIST_FILE = YES;
				INFOPLIST_FILE = MovveApp/App/Info.plist;
				INFOPLIST_KEY_UIApplicationSupportsIndirectInputEvents = YES;
				INFOPLIST_KEY_UILaunchStoryboardName = LaunchScreen;
				INFOPLIST_KEY_UIMainStoryboardFile = Main;
				INFOPLIST_KEY_UISupportedInterfaceOrientations_iPad = "UIInterfaceOrientationPortrait UIInterfaceOrientationPortraitUpsideDown UIInterfaceOrientationLandscapeLeft UIInterfaceOrientationLandscapeRight";
				INFOPLIST_KEY_UISupportedInterfaceOrientations_iPhone = "UIInterfaceOrientationPortrait UIInterfaceOrientationLandscapeLeft UIInterfaceOrientationLandscapeRight";
				LD_RUNPATH_SEARCH_PATHS = (
					"$(inherited)",
					"@executable_path/Frameworks",
				);
				MARKETING_VERSION = 1.0;
				PRODUCT_BUNDLE_IDENTIFIER = com.artem.MovveApp;
				PRODUCT_NAME = "$(TARGET_NAME)";
				SWIFT_EMIT_LOC_STRINGS = YES;
				SWIFT_VERSION = 5.0;
				TARGETED_DEVICE_FAMILY = "1,2";
			};
			name = Debug;
		};
		006EF33528BBF2E300A761EA /* Release */ = {
			isa = XCBuildConfiguration;
			buildSettings = {
				ASSETCATALOG_COMPILER_APPICON_NAME = AppIcon;
				ASSETCATALOG_COMPILER_GLOBAL_ACCENT_COLOR_NAME = AccentColor;
				CODE_SIGN_STYLE = Automatic;
				CURRENT_PROJECT_VERSION = 1;
				DEVELOPMENT_TEAM = W9FSXFWG34;
				GENERATE_INFOPLIST_FILE = YES;
				INFOPLIST_FILE = MovveApp/App/Info.plist;
				INFOPLIST_KEY_UIApplicationSupportsIndirectInputEvents = YES;
				INFOPLIST_KEY_UILaunchStoryboardName = LaunchScreen;
				INFOPLIST_KEY_UIMainStoryboardFile = Main;
				INFOPLIST_KEY_UISupportedInterfaceOrientations_iPad = "UIInterfaceOrientationPortrait UIInterfaceOrientationPortraitUpsideDown UIInterfaceOrientationLandscapeLeft UIInterfaceOrientationLandscapeRight";
				INFOPLIST_KEY_UISupportedInterfaceOrientations_iPhone = "UIInterfaceOrientationPortrait UIInterfaceOrientationLandscapeLeft UIInterfaceOrientationLandscapeRight";
				LD_RUNPATH_SEARCH_PATHS = (
					"$(inherited)",
					"@executable_path/Frameworks",
				);
				MARKETING_VERSION = 1.0;
				PRODUCT_BUNDLE_IDENTIFIER = com.artem.MovveApp;
				PRODUCT_NAME = "$(TARGET_NAME)";
				SWIFT_EMIT_LOC_STRINGS = YES;
				SWIFT_VERSION = 5.0;
				TARGETED_DEVICE_FAMILY = "1,2";
			};
			name = Release;
		};
/* End XCBuildConfiguration section */

/* Begin XCConfigurationList section */
		006EF31A28BBF2E200A761EA /* Build configuration list for PBXProject "MovveApp" */ = {
			isa = XCConfigurationList;
			buildConfigurations = (
				006EF33128BBF2E300A761EA /* Debug */,
				006EF33228BBF2E300A761EA /* Release */,
			);
			defaultConfigurationIsVisible = 0;
			defaultConfigurationName = Release;
		};
		006EF33328BBF2E300A761EA /* Build configuration list for PBXNativeTarget "MovveApp" */ = {
			isa = XCConfigurationList;
			buildConfigurations = (
				006EF33428BBF2E300A761EA /* Debug */,
				006EF33528BBF2E300A761EA /* Release */,
			);
			defaultConfigurationIsVisible = 0;
			defaultConfigurationName = Release;
		};
/* End XCConfigurationList section */

/* Begin XCRemoteSwiftPackageReference section */
		0051398228C1751D00EF8ACC /* XCRemoteSwiftPackageReference "Kingfisher" */ = {
			isa = XCRemoteSwiftPackageReference;
			repositoryURL = "https://github.com/onevcat/Kingfisher.git";
			requirement = {
				kind = upToNextMajorVersion;
				minimumVersion = 7.0.0;
			};
		};
/* End XCRemoteSwiftPackageReference section */

/* Begin XCSwiftPackageProductDependency section */
		0051398328C1751D00EF8ACC /* Kingfisher */ = {
			isa = XCSwiftPackageProductDependency;
			package = 0051398228C1751D00EF8ACC /* XCRemoteSwiftPackageReference "Kingfisher" */;
			productName = Kingfisher;
		};
/* End XCSwiftPackageProductDependency section */
	};
	rootObject = 006EF31728BBF2E200A761EA /* Project object */;
}
